// !$*UTF8*$!
{
	archiveVersion = 1;
	classes = {
	};
	objectVersion = 46;
	objects = {

/* Begin PBXBuildFile section */
		C4A0CC1E1D99CC39006C3C56 /* PianoViewController.swift in Sources */ = {isa = PBXBuildFile; fileRef = C4A0CC1D1D99CC39006C3C56 /* PianoViewController.swift */; };
		C4D16CB11D987C4400FC9618 /* AppDelegate.swift in Sources */ = {isa = PBXBuildFile; fileRef = C4D16CB01D987C4400FC9618 /* AppDelegate.swift */; };
		C4D16CB31D987C4400FC9618 /* ViewController.swift in Sources */ = {isa = PBXBuildFile; fileRef = C4D16CB21D987C4400FC9618 /* ViewController.swift */; };
		C4D16CB61D987C4400FC9618 /* Main.storyboard in Resources */ = {isa = PBXBuildFile; fileRef = C4D16CB41D987C4400FC9618 /* Main.storyboard */; };
		C4D16CB81D987C4400FC9618 /* Assets.xcassets in Resources */ = {isa = PBXBuildFile; fileRef = C4D16CB71D987C4400FC9618 /* Assets.xcassets */; };
		C4D16CBB1D987C4400FC9618 /* LaunchScreen.storyboard in Resources */ = {isa = PBXBuildFile; fileRef = C4D16CB91D987C4400FC9618 /* LaunchScreen.storyboard */; };
		C4D16CC31D99C73300FC9618 /* GuitarViewController.swift in Sources */ = {isa = PBXBuildFile; fileRef = C4D16CC21D99C73300FC9618 /* GuitarViewController.swift */; };
/* End PBXBuildFile section */

/* Begin PBXFileReference section */
		C4A0CC1D1D99CC39006C3C56 /* PianoViewController.swift */ = {isa = PBXFileReference; fileEncoding = 4; lastKnownFileType = sourcecode.swift; path = PianoViewController.swift; sourceTree = "<group>"; };
		C4D16CAD1D987C4400FC9618 /* Chords.app */ = {isa = PBXFileReference; explicitFileType = wrapper.application; includeInIndex = 0; path = Chords.app; sourceTree = BUILT_PRODUCTS_DIR; };
		C4D16CB01D987C4400FC9618 /* AppDelegate.swift */ = {isa = PBXFileReference; lastKnownFileType = sourcecode.swift; path = AppDelegate.swift; sourceTree = "<group>"; };
		C4D16CB21D987C4400FC9618 /* ViewController.swift */ = {isa = PBXFileReference; lastKnownFileType = sourcecode.swift; path = ViewController.swift; sourceTree = "<group>"; };
		C4D16CB51D987C4400FC9618 /* Base */ = {isa = PBXFileReference; lastKnownFileType = file.storyboard; name = Base; path = Base.lproj/Main.storyboard; sourceTree = "<group>"; };
		C4D16CB71D987C4400FC9618 /* Assets.xcassets */ = {isa = PBXFileReference; lastKnownFileType = folder.assetcatalog; path = Assets.xcassets; sourceTree = "<group>"; };
		C4D16CBA1D987C4400FC9618 /* Base */ = {isa = PBXFileReference; lastKnownFileType = file.storyboard; name = Base; path = Base.lproj/LaunchScreen.storyboard; sourceTree = "<group>"; };
		C4D16CBC1D987C4400FC9618 /* Info.plist */ = {isa = PBXFileReference; lastKnownFileType = text.plist.xml; path = Info.plist; sourceTree = "<group>"; };
		C4D16CC21D99C73300FC9618 /* GuitarViewController.swift */ = {isa = PBXFileReference; fileEncoding = 4; lastKnownFileType = sourcecode.swift; path = GuitarViewController.swift; sourceTree = "<group>"; };
/* End PBXFileReference section */

/* Begin PBXFrameworksBuildPhase section */
		C4D16CAA1D987C4400FC9618 /* Frameworks */ = {
			isa = PBXFrameworksBuildPhase;
			buildActionMask = 2147483647;
			files = (
			);
			runOnlyForDeploymentPostprocessing = 0;
		};
/* End PBXFrameworksBuildPhase section */

/* Begin PBXGroup section */
		C4D16CA41D987C4400FC9618 = {
			isa = PBXGroup;
			children = (
				C4D16CAF1D987C4400FC9618 /* Chords */,
				C4D16CAE1D987C4400FC9618 /* Products */,
			);
			sourceTree = "<group>";
		};
		C4D16CAE1D987C4400FC9618 /* Products */ = {
			isa = PBXGroup;
			children = (
				C4D16CAD1D987C4400FC9618 /* Chords.app */,
			);
			name = Products;
			sourceTree = "<group>";
		};
		C4D16CAF1D987C4400FC9618 /* Chords */ = {
			isa = PBXGroup;
			children = (
				C4D16CB01D987C4400FC9618 /* AppDelegate.swift */,
				C4D16CB21D987C4400FC9618 /* ViewController.swift */,
				C4D16CB41D987C4400FC9618 /* Main.storyboard */,
				C4D16CB71D987C4400FC9618 /* Assets.xcassets */,
				C4D16CB91D987C4400FC9618 /* LaunchScreen.storyboard */,
				C4D16CBC1D987C4400FC9618 /* Info.plist */,
				C4D16CC21D99C73300FC9618 /* GuitarViewController.swift */,
				C4A0CC1D1D99CC39006C3C56 /* PianoViewController.swift */,
			);
			path = Chords;
			sourceTree = "<group>";
		};
/* End PBXGroup section */

/* Begin PBXNativeTarget section */
		C4D16CAC1D987C4400FC9618 /* Chords */ = {
			isa = PBXNativeTarget;
			buildConfigurationList = C4D16CBF1D987C4400FC9618 /* Build configuration list for PBXNativeTarget "Chords" */;
			buildPhases = (
				C4D16CA91D987C4400FC9618 /* Sources */,
				C4D16CAA1D987C4400FC9618 /* Frameworks */,
				C4D16CAB1D987C4400FC9618 /* Resources */,
			);
			buildRules = (
			);
			dependencies = (
			);
			name = Chords;
			productName = Chords;
			productReference = C4D16CAD1D987C4400FC9618 /* Chords.app */;
			productType = "com.apple.product-type.application";
		};
/* End PBXNativeTarget section */

/* Begin PBXProject section */
		C4D16CA51D987C4400FC9618 /* Project object */ = {
			isa = PBXProject;
			attributes = {
				LastSwiftUpdateCheck = 0800;
				LastUpgradeCheck = 0800;
				ORGANIZATIONNAME = "Red Monster Studio";
				TargetAttributes = {
					C4D16CAC1D987C4400FC9618 = {
						CreatedOnToolsVersion = 8.0;
						DevelopmentTeam = 6KNAAY5628;
						ProvisioningStyle = Automatic;
					};
				};
			};
			buildConfigurationList = C4D16CA81D987C4400FC9618 /* Build configuration list for PBXProject "Chords" */;
			compatibilityVersion = "Xcode 3.2";
			developmentRegion = English;
			hasScannedForEncodings = 0;
			knownRegions = (
				en,
				Base,
			);
			mainGroup = C4D16CA41D987C4400FC9618;
			productRefGroup = C4D16CAE1D987C4400FC9618 /* Products */;
			projectDirPath = "";
			projectRoot = "";
			targets = (
				C4D16CAC1D987C4400FC9618 /* Chords */,
			);
		};
/* End PBXProject section */

/* Begin PBXResourcesBuildPhase section */
		C4D16CAB1D987C4400FC9618 /* Resources */ = {
			isa = PBXResourcesBuildPhase;
			buildActionMask = 2147483647;
			files = (
				C4D16CBB1D987C4400FC9618 /* LaunchScreen.storyboard in Resources */,
				C4D16CB81D987C4400FC9618 /* Assets.xcassets in Resources */,
				C4D16CB61D987C4400FC9618 /* Main.storyboard in Resources */,
			);
			runOnlyForDeploymentPostprocessing = 0;
		};
/* End PBXResourcesBuildPhase section */

/* Begin PBXSourcesBuildPhase section */
		C4D16CA91D987C4400FC9618 /* Sources */ = {
			isa = PBXSourcesBuildPhase;
			buildActionMask = 2147483647;
			files = (
				C4D16CB31D987C4400FC9618 /* ViewController.swift in Sources */,
				C4D16CC31D99C73300FC9618 /* GuitarViewController.swift in Sources */,
				C4A0CC1E1D99CC39006C3C56 /* PianoViewController.swift in Sources */,
				C4D16CB11D987C4400FC9618 /* AppDelegate.swift in Sources */,
			);
			runOnlyForDeploymentPostprocessing = 0;
		};
/* End PBXSourcesBuildPhase section */

/* Begin PBXVariantGroup section */
		C4D16CB41D987C4400FC9618 /* Main.storyboard */ = {
			isa = PBXVariantGroup;
			children = (
				C4D16CB51D987C4400FC9618 /* Base */,
			);
			name = Main.storyboard;
			sourceTree = "<group>";
		};
		C4D16CB91D987C4400FC9618 /* LaunchScreen.storyboard */ = {
			isa = PBXVariantGroup;
			children = (
				C4D16CBA1D987C4400FC9618 /* Base */,
			);
			name = LaunchScreen.storyboard;
			sourceTree = "<group>";
		};
/* End PBXVariantGroup section */

/* Begin XCBuildConfiguration section */
		C4D16CBD1D987C4400FC9618 /* Debug */ = {
			isa = XCBuildConfiguration;
			buildSettings = {
				ALWAYS_SEARCH_USER_PATHS = NO;
				CLANG_ANALYZER_NONNULL = YES;
				CLANG_CXX_LANGUAGE_STANDARD = "gnu++0x";
				CLANG_CXX_LIBRARY = "libc++";
				CLANG_ENABLE_MODULES = YES;
				CLANG_ENABLE_OBJC_ARC = YES;
				CLANG_WARN_BOOL_CONVERSION = YES;
				CLANG_WARN_CONSTANT_CONVERSION = YES;
				CLANG_WARN_DIRECT_OBJC_ISA_USAGE = YES_ERROR;
				CLANG_WARN_DOCUMENTATION_COMMENTS = YES;
				CLANG_WARN_EMPTY_BODY = YES;
				CLANG_WARN_ENUM_CONVERSION = YES;
				CLANG_WARN_INFINITE_RECURSION = YES;
				CLANG_WARN_INT_CONVERSION = YES;
				CLANG_WARN_OBJC_ROOT_CLASS = YES_ERROR;
				CLANG_WARN_SUSPICIOUS_MOVES = YES;
				CLANG_WARN_UNREACHABLE_CODE = YES;
				CLANG_WARN__DUPLICATE_METHOD_MATCH = YES;
				"CODE_SIGN_IDENTITY[sdk=iphoneos*]" = "iPhone Developer";
				COPY_PHASE_STRIP = NO;
				DEBUG_INFORMATION_FORMAT = dwarf;
				ENABLE_STRICT_OBJC_MSGSEND = YES;
				ENABLE_TESTABILITY = YES;
				GCC_C_LANGUAGE_STANDARD = gnu99;
				GCC_DYNAMIC_NO_PIC = NO;
				GCC_NO_COMMON_BLOCKS = YES;
				GCC_OPTIMIZATION_LEVEL = 0;
				GCC_PREPROCESSOR_DEFINITIONS = (
					"DEBUG=1",
					"$(inherited)",
				);
				GCC_WARN_64_TO_32_BIT_CONVERSION = YES;
				GCC_WARN_ABOUT_RETURN_TYPE = YES_ERROR;
				GCC_WARN_UNDECLARED_SELECTOR = YES;
				GCC_WARN_UNINITIALIZED_AUTOS = YES_AGGRESSIVE;
				GCC_WARN_UNUSED_FUNCTION = YES;
				GCC_WARN_UNUSED_VARIABLE = YES;
				IPHONEOS_DEPLOYMENT_TARGET = 10.0;
				MTL_ENABLE_DEBUG_INFO = YES;
				ONLY_ACTIVE_ARCH = YES;
				SDKROOT = iphoneos;
				SWIFT_ACTIVE_COMPILATION_CONDITIONS = DEBUG;
				SWIFT_OPTIMIZATION_LEVEL = "-Onone";
			};
			name = Debug;
		};
		C4D16CBE1D987C4400FC9618 /* Release */ = {
			isa = XCBuildConfiguration;
			buildSettings = {
				ALWAYS_SEARCH_USER_PATHS = NO;
				CLANG_ANALYZER_NONNULL = YES;
				CLANG_CXX_LANGUAGE_STANDARD = "gnu++0x";
				CLANG_CXX_LIBRARY = "libc++";
				CLANG_ENABLE_MODULES = YES;
				CLANG_ENABLE_OBJC_ARC = YES;
				CLANG_WARN_BOOL_CONVERSION = YES;
				CLANG_WARN_CONSTANT_CONVERSION = YES;
				CLANG_WARN_DIRECT_OBJC_ISA_USAGE = YES_ERROR;
				CLANG_WARN_DOCUMENTATION_COMMENTS = YES;
				CLANG_WARN_EMPTY_BODY = YES;
				CLANG_WARN_ENUM_CONVERSION = YES;
				CLANG_WARN_INFINITE_RECURSION = YES;
				CLANG_WARN_INT_CONVERSION = YES;
				CLANG_WARN_OBJC_ROOT_CLASS = YES_ERROR;
				CLANG_WARN_SUSPICIOUS_MOVES = YES;
				CLANG_WARN_UNREACHABLE_CODE = YES;
				CLANG_WARN__DUPLICATE_METHOD_MATCH = YES;
				"CODE_SIGN_IDENTITY[sdk=iphoneos*]" = "iPhone Developer";
				COPY_PHASE_STRIP = NO;
				DEBUG_INFORMATION_FORMAT = "dwarf-with-dsym";
				ENABLE_NS_ASSERTIONS = NO;
				ENABLE_STRICT_OBJC_MSGSEND = YES;
				GCC_C_LANGUAGE_STANDARD = gnu99;
				GCC_NO_COMMON_BLOCKS = YES;
				GCC_WARN_64_TO_32_BIT_CONVERSION = YES;
				GCC_WARN_ABOUT_RETURN_TYPE = YES_ERROR;
				GCC_WARN_UNDECLARED_SELECTOR = YES;
				GCC_WARN_UNINITIALIZED_AUTOS = YES_AGGRESSIVE;
				GCC_WARN_UNUSED_FUNCTION = YES;
				GCC_WARN_UNUSED_VARIABLE = YES;
				IPHONEOS_DEPLOYMENT_TARGET = 10.0;
				MTL_ENABLE_DEBUG_INFO = NO;
				SDKROOT = iphoneos;
				SWIFT_OPTIMIZATION_LEVEL = "-Owholemodule";
				VALIDATE_PRODUCT = YES;
			};
			name = Release;
		};
		C4D16CC01D987C4400FC9618 /* Debug */ = {
			isa = XCBuildConfiguration;
			buildSettings = {
				ASSETCATALOG_COMPILER_APPICON_NAME = AppIcon;
				DEVELOPMENT_TEAM = 6KNAAY5628;
				INFOPLIST_FILE = Chords/Info.plist;
				LD_RUNPATH_SEARCH_PATHS = "$(inherited) @executable_path/Frameworks";
				PRODUCT_BUNDLE_IDENTIFIER = es.redmonster.Chords;
				PRODUCT_NAME = "$(TARGET_NAME)";
				SWIFT_VERSION = 3.0;
			};
			name = Debug;
		};
		C4D16CC11D987C4400FC9618 /* Release */ = {
			isa = XCBuildConfiguration;
			buildSettings = {
				ASSETCATALOG_COMPILER_APPICON_NAME = AppIcon;
				DEVELOPMENT_TEAM = 6KNAAY5628;
				INFOPLIST_FILE = Chords/Info.plist;
				LD_RUNPATH_SEARCH_PATHS = "$(inherited) @executable_path/Frameworks";
				PRODUCT_BUNDLE_IDENTIFIER = es.redmonster.Chords;
				PRODUCT_NAME = "$(TARGET_NAME)";
				SWIFT_VERSION = 3.0;
			};
			name = Release;
		};
/* End XCBuildConfiguration section */

/* Begin XCConfigurationList section */
		C4D16CA81D987C4400FC9618 /* Build configuration list for PBXProject "Chords" */ = {
			isa = XCConfigurationList;
			buildConfigurations = (
				C4D16CBD1D987C4400FC9618 /* Debug */,
				C4D16CBE1D987C4400FC9618 /* Release */,
			);
			defaultConfigurationIsVisible = 0;
			defaultConfigurationName = Release;
		};
		C4D16CBF1D987C4400FC9618 /* Build configuration list for PBXNativeTarget "Chords" */ = {
			isa = XCConfigurationList;
			buildConfigurations = (
				C4D16CC01D987C4400FC9618 /* Debug */,
				C4D16CC11D987C4400FC9618 /* Release */,
			);
			defaultConfigurationIsVisible = 0;
			defaultConfigurationName = Release;
		};
/* End XCConfigurationList section */
	};
	rootObject = C4D16CA51D987C4400FC9618 /* Project object */;
}
